
Microsoft Visual Studio Solution File, Format Version 12.00
Project("{FAE04EC0-301F-11D3-BF4B-00C04F79EFBC}") = "Entities", "Entities\Entities.csproj", "{675AE431-AA57-4F84-8C13-92420FAEA3C7}"
EndProject
Project("{FAE04EC0-301F-11D3-BF4B-00C04F79EFBC}") = "FileData", "FileData\FileData.csproj", "{9F8C18F6-2B69-4385-811F-9073713C1916}"
EndProject
Project("{FAE04EC0-301F-11D3-BF4B-00C04F79EFBC}") = "Forum_Blazor", "Forum_Blazor\Forum_Blazor.csproj", "{B7A18049-AE5A-4BAA-8144-2BF162836278}"
EndProject
Project("{FAE04EC0-301F-11D3-BF4B-00C04F79EFBC}") = "Application", "Application\Application.csproj", "{3EB61414-19B0-4CE5-8235-F0D64BBE28FD}"
EndProject
Project("{FAE04EC0-301F-11D3-BF4B-00C04F79EFBC}") = "Contracts", "Contracts\Contracts.csproj", "{2E11674D-3A47-47A4-94CF-0BCBC45132F3}"
EndProject
Project("{FAE04EC0-301F-11D3-BF4B-00C04F79EFBC}") = "Forum-WebAPI", "Forum-WebAPI\Forum-WebAPI.csproj", "{9AE7E94B-CCE7-4ECC-9EC0-310F38322F57}"
EndProject
Project("{FAE04EC0-301F-11D3-BF4B-00C04F79EFBC}") = "Forum-Client", "Forum-Client\Forum-Client.csproj", "{0F98E0A3-2149-4E4F-92E4-1AAF4ED4F954}"
EndProject
Global
	GlobalSection(SolutionConfigurationPlatforms) = preSolution
		Debug|Any CPU = Debug|Any CPU
		Release|Any CPU = Release|Any CPU
	EndGlobalSection
	GlobalSection(ProjectConfigurationPlatforms) = postSolution
		{675AE431-AA57-4F84-8C13-92420FAEA3C7}.Debug|Any CPU.ActiveCfg = Debug|Any CPU
		{675AE431-AA57-4F84-8C13-92420FAEA3C7}.Debug|Any CPU.Build.0 = Debug|Any CPU
		{675AE431-AA57-4F84-8C13-92420FAEA3C7}.Release|Any CPU.ActiveCfg = Release|Any CPU
		{675AE431-AA57-4F84-8C13-92420FAEA3C7}.Release|Any CPU.Build.0 = Release|Any CPU
		{9F8C18F6-2B69-4385-811F-9073713C1916}.Debug|Any CPU.ActiveCfg = Debug|Any CPU
		{9F8C18F6-2B69-4385-811F-9073713C1916}.Debug|Any CPU.Build.0 = Debug|Any CPU
		{9F8C18F6-2B69-4385-811F-9073713C1916}.Release|Any CPU.ActiveCfg = Release|Any CPU
		{9F8C18F6-2B69-4385-811F-9073713C1916}.Release|Any CPU.Build.0 = Release|Any CPU
		{B7A18049-AE5A-4BAA-8144-2BF162836278}.Debug|Any CPU.ActiveCfg = Debug|Any CPU
		{B7A18049-AE5A-4BAA-8144-2BF162836278}.Debug|Any CPU.Build.0 = Debug|Any CPU
		{B7A18049-AE5A-4BAA-8144-2BF162836278}.Release|Any CPU.ActiveCfg = Release|Any CPU
		{B7A18049-AE5A-4BAA-8144-2BF162836278}.Release|Any CPU.Build.0 = Release|Any CPU
		{3EB61414-19B0-4CE5-8235-F0D64BBE28FD}.Debug|Any CPU.ActiveCfg = Debug|Any CPU
		{3EB61414-19B0-4CE5-8235-F0D64BBE28FD}.Debug|Any CPU.Build.0 = Debug|Any CPU
		{3EB61414-19B0-4CE5-8235-F0D64BBE28FD}.Release|Any CPU.ActiveCfg = Release|Any CPU
		{3EB61414-19B0-4CE5-8235-F0D64BBE28FD}.Release|Any CPU.Build.0 = Release|Any CPU
		{2E11674D-3A47-47A4-94CF-0BCBC45132F3}.Debug|Any CPU.ActiveCfg = Debug|Any CPU
		{2E11674D-3A47-47A4-94CF-0BCBC45132F3}.Debug|Any CPU.Build.0 = Debug|Any CPU
		{2E11674D-3A47-47A4-94CF-0BCBC45132F3}.Release|Any CPU.ActiveCfg = Release|Any CPU
		{2E11674D-3A47-47A4-94CF-0BCBC45132F3}.Release|Any CPU.Build.0 = Release|Any CPU
		{9AE7E94B-CCE7-4ECC-9EC0-310F38322F57}.Debug|Any CPU.ActiveCfg = Debug|Any CPU
		{9AE7E94B-CCE7-4ECC-9EC0-310F38322F57}.Debug|Any CPU.Build.0 = Debug|Any CPU
		{9AE7E94B-CCE7-4ECC-9EC0-310F38322F57}.Release|Any CPU.ActiveCfg = Release|Any CPU
		{9AE7E94B-CCE7-4ECC-9EC0-310F38322F57}.Release|Any CPU.Build.0 = Release|Any CPU
		{0F98E0A3-2149-4E4F-92E4-1AAF4ED4F954}.Debug|Any CPU.ActiveCfg = Debug|Any CPU
		{0F98E0A3-2149-4E4F-92E4-1AAF4ED4F954}.Debug|Any CPU.Build.0 = Debug|Any CPU
		{0F98E0A3-2149-4E4F-92E4-1AAF4ED4F954}.Release|Any CPU.ActiveCfg = Release|Any CPU
		{0F98E0A3-2149-4E4F-92E4-1AAF4ED4F954}.Release|Any CPU.Build.0 = Release|Any CPU
	EndGlobalSection
EndGlobal
